
Microsoft Visual Studio Solution File, Format Version 12.00
# Visual Studio Version 16
VisualStudioVersion = 16.0.30413.136
MinimumVisualStudioVersion = 10.0.40219.1
Project("{9A19103F-16F7-4668-BE54-9A1E7A4F7556}") = "SchoolServerMain", "SchoolServerMain\SchoolServerMain.csproj", "{5D9C9E82-11B7-4E5B-A791-F0EE40316E79}"
EndProject
Project("{9A19103F-16F7-4668-BE54-9A1E7A4F7556}") = "School.BL", "School.BL\School.BL.csproj", "{50F2462B-B861-4EA6-B908-39A486FAAC36}"
EndProject
Project("{9A19103F-16F7-4668-BE54-9A1E7A4F7556}") = "School.Dto", "School.Dto\School.Dto.csproj", "{D47E37F8-A572-4456-A00E-768C8C6F810B}"
EndProject
Project("{9A19103F-16F7-4668-BE54-9A1E7A4F7556}") = "School.Database", "School.Database\School.Database.csproj", "{A46A4DED-611B-4EA9-9823-F3BCF57F2117}"
EndProject
Project("{9A19103F-16F7-4668-BE54-9A1E7A4F7556}") = "School.Abstract", "School.Abstract\School.Abstract.csproj", "{A39CF9F6-309C-4A28-AA92-381AC93DF81E}"
EndProject
Project("{9A19103F-16F7-4668-BE54-9A1E7A4F7556}") = "School.Sheduler", "School.Sheduler\School.Sheduler.csproj", "{E49989F9-FF97-4DCD-8D0E-0724C62FDA7A}"
EndProject
Project("{2150E333-8FDC-42A3-9474-1A3956D46DE8}") = "Test", "Test", "{E556E496-8AFC-4F1E-A6B1-6920DAC041A3}"
EndProject
Project("{FAE04EC0-301F-11D3-BF4B-00C04F79EFBC}") = "School.Bl.Test", "Test\School.Bl.Test\School.Bl.Test.csproj", "{8B0D58C8-CD2A-4ADC-92AC-B798F08CE383}"
EndProject
Project("{FAE04EC0-301F-11D3-BF4B-00C04F79EFBC}") = "School.Scheduler.Test", "Test\School.Scheduler.Test\School.Scheduler.Test.csproj", "{2A0BB18E-76C3-409C-9FDD-302A5E04323C}"
EndProject
Global
	GlobalSection(SolutionConfigurationPlatforms) = preSolution
		Debug|Any CPU = Debug|Any CPU
		Release|Any CPU = Release|Any CPU
	EndGlobalSection
	GlobalSection(ProjectConfigurationPlatforms) = postSolution
		{5D9C9E82-11B7-4E5B-A791-F0EE40316E79}.Debug|Any CPU.ActiveCfg = Debug|Any CPU
		{5D9C9E82-11B7-4E5B-A791-F0EE40316E79}.Debug|Any CPU.Build.0 = Debug|Any CPU
		{5D9C9E82-11B7-4E5B-A791-F0EE40316E79}.Release|Any CPU.ActiveCfg = Release|Any CPU
		{5D9C9E82-11B7-4E5B-A791-F0EE40316E79}.Release|Any CPU.Build.0 = Release|Any CPU
		{50F2462B-B861-4EA6-B908-39A486FAAC36}.Debug|Any CPU.ActiveCfg = Debug|Any CPU
		{50F2462B-B861-4EA6-B908-39A486FAAC36}.Debug|Any CPU.Build.0 = Debug|Any CPU
		{50F2462B-B861-4EA6-B908-39A486FAAC36}.Release|Any CPU.ActiveCfg = Release|Any CPU
		{50F2462B-B861-4EA6-B908-39A486FAAC36}.Release|Any CPU.Build.0 = Release|Any CPU
		{D47E37F8-A572-4456-A00E-768C8C6F810B}.Debug|Any CPU.ActiveCfg = Debug|Any CPU
		{D47E37F8-A572-4456-A00E-768C8C6F810B}.Debug|Any CPU.Build.0 = Debug|Any CPU
		{D47E37F8-A572-4456-A00E-768C8C6F810B}.Release|Any CPU.ActiveCfg = Release|Any CPU
		{D47E37F8-A572-4456-A00E-768C8C6F810B}.Release|Any CPU.Build.0 = Release|Any CPU
		{A46A4DED-611B-4EA9-9823-F3BCF57F2117}.Debug|Any CPU.ActiveCfg = Debug|Any CPU
		{A46A4DED-611B-4EA9-9823-F3BCF57F2117}.Debug|Any CPU.Build.0 = Debug|Any CPU
		{A46A4DED-611B-4EA9-9823-F3BCF57F2117}.Release|Any CPU.ActiveCfg = Release|Any CPU
		{A46A4DED-611B-4EA9-9823-F3BCF57F2117}.Release|Any CPU.Build.0 = Release|Any CPU
		{A39CF9F6-309C-4A28-AA92-381AC93DF81E}.Debug|Any CPU.ActiveCfg = Debug|Any CPU
		{A39CF9F6-309C-4A28-AA92-381AC93DF81E}.Debug|Any CPU.Build.0 = Debug|Any CPU
		{A39CF9F6-309C-4A28-AA92-381AC93DF81E}.Release|Any CPU.ActiveCfg = Release|Any CPU
		{A39CF9F6-309C-4A28-AA92-381AC93DF81E}.Release|Any CPU.Build.0 = Release|Any CPU
		{E49989F9-FF97-4DCD-8D0E-0724C62FDA7A}.Debug|Any CPU.ActiveCfg = Debug|Any CPU
		{E49989F9-FF97-4DCD-8D0E-0724C62FDA7A}.Debug|Any CPU.Build.0 = Debug|Any CPU
		{E49989F9-FF97-4DCD-8D0E-0724C62FDA7A}.Release|Any CPU.ActiveCfg = Release|Any CPU
		{E49989F9-FF97-4DCD-8D0E-0724C62FDA7A}.Release|Any CPU.Build.0 = Release|Any CPU
		{8B0D58C8-CD2A-4ADC-92AC-B798F08CE383}.Debug|Any CPU.ActiveCfg = Debug|Any CPU
		{8B0D58C8-CD2A-4ADC-92AC-B798F08CE383}.Debug|Any CPU.Build.0 = Debug|Any CPU
		{8B0D58C8-CD2A-4ADC-92AC-B798F08CE383}.Release|Any CPU.ActiveCfg = Release|Any CPU
		{8B0D58C8-CD2A-4ADC-92AC-B798F08CE383}.Release|Any CPU.Build.0 = Release|Any CPU
		{2A0BB18E-76C3-409C-9FDD-302A5E04323C}.Debug|Any CPU.ActiveCfg = Debug|Any CPU
		{2A0BB18E-76C3-409C-9FDD-302A5E04323C}.Debug|Any CPU.Build.0 = Debug|Any CPU
		{2A0BB18E-76C3-409C-9FDD-302A5E04323C}.Release|Any CPU.ActiveCfg = Release|Any CPU
		{2A0BB18E-76C3-409C-9FDD-302A5E04323C}.Release|Any CPU.Build.0 = Release|Any CPU
	EndGlobalSection
	GlobalSection(SolutionProperties) = preSolution
		HideSolutionNode = FALSE
	EndGlobalSection
	GlobalSection(NestedProjects) = preSolution
		{8B0D58C8-CD2A-4ADC-92AC-B798F08CE383} = {E556E496-8AFC-4F1E-A6B1-6920DAC041A3}
		{2A0BB18E-76C3-409C-9FDD-302A5E04323C} = {E556E496-8AFC-4F1E-A6B1-6920DAC041A3}
	EndGlobalSection
	GlobalSection(ExtensibilityGlobals) = postSolution
		SolutionGuid = {5D2E8882-0D37-4F06-9694-03425F8D8D0D}
	EndGlobalSection
EndGlobal
