
Microsoft Visual Studio Solution File, Format Version 12.00
# Visual Studio Version 16
VisualStudioVersion = 16.0.30413.136
MinimumVisualStudioVersion = 10.0.40219.1
Project("{FAE04EC0-301F-11D3-BF4B-00C04F79EFBC}") = "SchoolServerMain", "SchoolServerMain\SchoolServerMain.csproj", "{5D9C9E82-11B7-4E5B-A791-F0EE40316E79}"
EndProject
Project("{FAE04EC0-301F-11D3-BF4B-00C04F79EFBC}") = "Scholl.BL", "Scholl.BL\Scholl.BL.csproj", "{B8263717-8343-4771-A730-F6BBB5132480}"
EndProject
Project("{FAE04EC0-301F-11D3-BF4B-00C04F79EFBC}") = "School.Db", "School.Db\School.Db.csproj", "{F03E407F-5E7E-4C2A-B49B-432917795FCE}"
EndProject
Global
	GlobalSection(SolutionConfigurationPlatforms) = preSolution
		Debug|Any CPU = Debug|Any CPU
		Release|Any CPU = Release|Any CPU
	EndGlobalSection
	GlobalSection(ProjectConfigurationPlatforms) = postSolution
		{5D9C9E82-11B7-4E5B-A791-F0EE40316E79}.Debug|Any CPU.ActiveCfg = Debug|Any CPU
		{5D9C9E82-11B7-4E5B-A791-F0EE40316E79}.Debug|Any CPU.Build.0 = Debug|Any CPU
		{5D9C9E82-11B7-4E5B-A791-F0EE40316E79}.Release|Any CPU.ActiveCfg = Release|Any CPU
		{5D9C9E82-11B7-4E5B-A791-F0EE40316E79}.Release|Any CPU.Build.0 = Release|Any CPU
		{B8263717-8343-4771-A730-F6BBB5132480}.Debug|Any CPU.ActiveCfg = Debug|Any CPU
		{B8263717-8343-4771-A730-F6BBB5132480}.Debug|Any CPU.Build.0 = Debug|Any CPU
		{B8263717-8343-4771-A730-F6BBB5132480}.Release|Any CPU.ActiveCfg = Release|Any CPU
		{B8263717-8343-4771-A730-F6BBB5132480}.Release|Any CPU.Build.0 = Release|Any CPU
		{F03E407F-5E7E-4C2A-B49B-432917795FCE}.Debug|Any CPU.ActiveCfg = Debug|Any CPU
		{F03E407F-5E7E-4C2A-B49B-432917795FCE}.Debug|Any CPU.Build.0 = Debug|Any CPU
		{F03E407F-5E7E-4C2A-B49B-432917795FCE}.Release|Any CPU.ActiveCfg = Release|Any CPU
		{F03E407F-5E7E-4C2A-B49B-432917795FCE}.Release|Any CPU.Build.0 = Release|Any CPU
	EndGlobalSection
	GlobalSection(SolutionProperties) = preSolution
		HideSolutionNode = FALSE
	EndGlobalSection
	GlobalSection(ExtensibilityGlobals) = postSolution
		SolutionGuid = {5D2E8882-0D37-4F06-9694-03425F8D8D0D}
	EndGlobalSection
EndGlobal
