
Microsoft Visual Studio Solution File, Format Version 12.00
# Visual Studio Version 16
VisualStudioVersion = 16.0.30413.136
MinimumVisualStudioVersion = 10.0.40219.1
Project("{9A19103F-16F7-4668-BE54-9A1E7A4F7556}") = "SchoolServerMain", "SchoolServerMain\SchoolServerMain.csproj", "{5D9C9E82-11B7-4E5B-A791-F0EE40316E79}"
EndProject
Project("{9A19103F-16F7-4668-BE54-9A1E7A4F7556}") = "School.AbstractService", "School.AbstractService\School.AbstractService.csproj", "{1E4D9E2D-066A-495A-9392-E3928D48624F}"
EndProject
Project("{9A19103F-16F7-4668-BE54-9A1E7A4F7556}") = "School.BL", "School.BL\School.BL.csproj", "{50F2462B-B861-4EA6-B908-39A486FAAC36}"
EndProject
Project("{9A19103F-16F7-4668-BE54-9A1E7A4F7556}") = "School.Dto", "School.Dto\School.Dto.csproj", "{D47E37F8-A572-4456-A00E-768C8C6F810B}"
EndProject
Project("{FAE04EC0-301F-11D3-BF4B-00C04F79EFBC}") = "School.Database", "School.Database\School.Database.csproj", "{A46A4DED-611B-4EA9-9823-F3BCF57F2117}"
EndProject
Global
	GlobalSection(SolutionConfigurationPlatforms) = preSolution
		Debug|Any CPU = Debug|Any CPU
		Release|Any CPU = Release|Any CPU
	EndGlobalSection
	GlobalSection(ProjectConfigurationPlatforms) = postSolution
		{5D9C9E82-11B7-4E5B-A791-F0EE40316E79}.Debug|Any CPU.ActiveCfg = Debug|Any CPU
		{5D9C9E82-11B7-4E5B-A791-F0EE40316E79}.Debug|Any CPU.Build.0 = Debug|Any CPU
		{5D9C9E82-11B7-4E5B-A791-F0EE40316E79}.Release|Any CPU.ActiveCfg = Release|Any CPU
		{5D9C9E82-11B7-4E5B-A791-F0EE40316E79}.Release|Any CPU.Build.0 = Release|Any CPU
		{1E4D9E2D-066A-495A-9392-E3928D48624F}.Debug|Any CPU.ActiveCfg = Debug|Any CPU
		{1E4D9E2D-066A-495A-9392-E3928D48624F}.Debug|Any CPU.Build.0 = Debug|Any CPU
		{1E4D9E2D-066A-495A-9392-E3928D48624F}.Release|Any CPU.ActiveCfg = Release|Any CPU
		{1E4D9E2D-066A-495A-9392-E3928D48624F}.Release|Any CPU.Build.0 = Release|Any CPU
		{50F2462B-B861-4EA6-B908-39A486FAAC36}.Debug|Any CPU.ActiveCfg = Debug|Any CPU
		{50F2462B-B861-4EA6-B908-39A486FAAC36}.Debug|Any CPU.Build.0 = Debug|Any CPU
		{50F2462B-B861-4EA6-B908-39A486FAAC36}.Release|Any CPU.ActiveCfg = Release|Any CPU
		{50F2462B-B861-4EA6-B908-39A486FAAC36}.Release|Any CPU.Build.0 = Release|Any CPU
		{D47E37F8-A572-4456-A00E-768C8C6F810B}.Debug|Any CPU.ActiveCfg = Debug|Any CPU
		{D47E37F8-A572-4456-A00E-768C8C6F810B}.Debug|Any CPU.Build.0 = Debug|Any CPU
		{D47E37F8-A572-4456-A00E-768C8C6F810B}.Release|Any CPU.ActiveCfg = Release|Any CPU
		{D47E37F8-A572-4456-A00E-768C8C6F810B}.Release|Any CPU.Build.0 = Release|Any CPU
		{A46A4DED-611B-4EA9-9823-F3BCF57F2117}.Debug|Any CPU.ActiveCfg = Debug|Any CPU
		{A46A4DED-611B-4EA9-9823-F3BCF57F2117}.Debug|Any CPU.Build.0 = Debug|Any CPU
		{A46A4DED-611B-4EA9-9823-F3BCF57F2117}.Release|Any CPU.ActiveCfg = Release|Any CPU
		{A46A4DED-611B-4EA9-9823-F3BCF57F2117}.Release|Any CPU.Build.0 = Release|Any CPU
	EndGlobalSection
	GlobalSection(SolutionProperties) = preSolution
		HideSolutionNode = FALSE
	EndGlobalSection
	GlobalSection(ExtensibilityGlobals) = postSolution
		SolutionGuid = {5D2E8882-0D37-4F06-9694-03425F8D8D0D}
	EndGlobalSection
EndGlobal
